
Microsoft Visual Studio Solution File, Format Version 12.00
# Visual Studio 15
VisualStudioVersion = 15.0.26730.16
MinimumVisualStudioVersion = 10.0.40219.1
Project("{FAE04EC0-301F-11D3-BF4B-00C04F79EFBC}") = "MecânicoVirtual", "MecânicoVirtual\MecânicoVirtual.csproj", "{A12601F2-7D17-4A8F-A2AD-EAE8BDBFCCB6}"
EndProject
Global
	GlobalSection(SolutionConfigurationPlatforms) = preSolution
		Debug|Any CPU = Debug|Any CPU
		Release|Any CPU = Release|Any CPU
	EndGlobalSection
	GlobalSection(ProjectConfigurationPlatforms) = postSolution
		{A12601F2-7D17-4A8F-A2AD-EAE8BDBFCCB6}.Debug|Any CPU.ActiveCfg = Debug|Any CPU
		{A12601F2-7D17-4A8F-A2AD-EAE8BDBFCCB6}.Debug|Any CPU.Build.0 = Debug|Any CPU
		{A12601F2-7D17-4A8F-A2AD-EAE8BDBFCCB6}.Release|Any CPU.ActiveCfg = Release|Any CPU
		{A12601F2-7D17-4A8F-A2AD-EAE8BDBFCCB6}.Release|Any CPU.Build.0 = Release|Any CPU
	EndGlobalSection
	GlobalSection(SolutionProperties) = preSolution
		HideSolutionNode = FALSE
	EndGlobalSection
	GlobalSection(ExtensibilityGlobals) = postSolution
		SolutionGuid = {BD9E4956-78B8-412A-AEB9-F12FB28696EB}
	EndGlobalSection
EndGlobal
